// !$*UTF8*$!
{
	archiveVersion = 1;
	classes = {
	};
	objectVersion = 56;
	objects = {

/* Begin PBXBuildFile section */
		D200774229C60DF20092573F /* Preview Assets.xcassets in Resources */ = {isa = PBXBuildFile; fileRef = D200774129C60DF20092573F /* Preview Assets.xcassets */; };
		D221D04329C77742008E52B1 /* URL+Extensions.swift in Sources */ = {isa = PBXBuildFile; fileRef = D221D04229C77742008E52B1 /* URL+Extensions.swift */; };
		D24223CD29C65EF7006FB411 /* Assets.xcassets in Resources */ = {isa = PBXBuildFile; fileRef = D24223C729C65EF7006FB411 /* Assets.xcassets */; };
		D24223CE29C65EF7006FB411 /* Localizable.strings in Resources */ = {isa = PBXBuildFile; fileRef = D24223C829C65EF7006FB411 /* Localizable.strings */; };
		D24223CF29C65EF7006FB411 /* PaperlessExtractorApp.swift in Sources */ = {isa = PBXBuildFile; fileRef = D24223CA29C65EF7006FB411 /* PaperlessExtractorApp.swift */; };
		D24223D029C65EF8006FB411 /* Extractor.swift in Sources */ = {isa = PBXBuildFile; fileRef = D24223CB29C65EF7006FB411 /* Extractor.swift */; };
		D24223D129C65EF8006FB411 /* ContentView.swift in Sources */ = {isa = PBXBuildFile; fileRef = D24223CC29C65EF7006FB411 /* ContentView.swift */; };
/* End PBXBuildFile section */

/* Begin PBXFileReference section */
		D200773729C60DF10092573F /* PaperlessExtractor.app */ = {isa = PBXFileReference; explicitFileType = wrapper.application; includeInIndex = 0; path = PaperlessExtractor.app; sourceTree = BUILT_PRODUCTS_DIR; };
		D200774129C60DF20092573F /* Preview Assets.xcassets */ = {isa = PBXFileReference; lastKnownFileType = folder.assetcatalog; path = "Preview Assets.xcassets"; sourceTree = "<group>"; };
		D200774329C60DF20092573F /* PaperlessExtractor.entitlements */ = {isa = PBXFileReference; lastKnownFileType = text.plist.entitlements; path = PaperlessExtractor.entitlements; sourceTree = "<group>"; };
		D221D04229C77742008E52B1 /* URL+Extensions.swift */ = {isa = PBXFileReference; lastKnownFileType = sourcecode.swift; path = "URL+Extensions.swift"; sourceTree = "<group>"; };
		D24223C729C65EF7006FB411 /* Assets.xcassets */ = {isa = PBXFileReference; lastKnownFileType = folder.assetcatalog; path = Assets.xcassets; sourceTree = "<group>"; };
		D24223C829C65EF7006FB411 /* Localizable.strings */ = {isa = PBXFileReference; fileEncoding = 4; lastKnownFileType = text.plist.strings; path = Localizable.strings; sourceTree = "<group>"; };
		D24223CA29C65EF7006FB411 /* PaperlessExtractorApp.swift */ = {isa = PBXFileReference; fileEncoding = 4; lastKnownFileType = sourcecode.swift; path = PaperlessExtractorApp.swift; sourceTree = "<group>"; };
		D24223CB29C65EF7006FB411 /* Extractor.swift */ = {isa = PBXFileReference; fileEncoding = 4; lastKnownFileType = sourcecode.swift; path = Extractor.swift; sourceTree = "<group>"; };
		D24223CC29C65EF7006FB411 /* ContentView.swift */ = {isa = PBXFileReference; fileEncoding = 4; lastKnownFileType = sourcecode.swift; path = ContentView.swift; sourceTree = "<group>"; };
/* End PBXFileReference section */

/* Begin PBXFrameworksBuildPhase section */
		D200773429C60DF10092573F /* Frameworks */ = {
			isa = PBXFrameworksBuildPhase;
			buildActionMask = 2147483647;
			files = (
			);
			runOnlyForDeploymentPostprocessing = 0;
		};
/* End PBXFrameworksBuildPhase section */

/* Begin PBXGroup section */
		D200772E29C60DF10092573F = {
			isa = PBXGroup;
			children = (
				D200773929C60DF10092573F /* PaperlessExtractor */,
				D200773829C60DF10092573F /* Products */,
			);
			sourceTree = "<group>";
		};
		D200773829C60DF10092573F /* Products */ = {
			isa = PBXGroup;
			children = (
				D200773729C60DF10092573F /* PaperlessExtractor.app */,
			);
			name = Products;
			sourceTree = "<group>";
		};
		D200773929C60DF10092573F /* PaperlessExtractor */ = {
			isa = PBXGroup;
			children = (
				D24223C629C65EF7006FB411 /* Resources */,
				D24223C929C65EF7006FB411 /* Sources */,
				D200774329C60DF20092573F /* PaperlessExtractor.entitlements */,
				D200774029C60DF20092573F /* Preview Content */,
			);
			path = PaperlessExtractor;
			sourceTree = "<group>";
		};
		D200774029C60DF20092573F /* Preview Content */ = {
			isa = PBXGroup;
			children = (
				D200774129C60DF20092573F /* Preview Assets.xcassets */,
			);
			path = "Preview Content";
			sourceTree = "<group>";
		};
		D24223C629C65EF7006FB411 /* Resources */ = {
			isa = PBXGroup;
			children = (
				D24223C729C65EF7006FB411 /* Assets.xcassets */,
				D24223C829C65EF7006FB411 /* Localizable.strings */,
			);
			path = Resources;
			sourceTree = "<group>";
		};
		D24223C929C65EF7006FB411 /* Sources */ = {
			isa = PBXGroup;
			children = (
				D24223CC29C65EF7006FB411 /* ContentView.swift */,
				D24223CB29C65EF7006FB411 /* Extractor.swift */,
				D24223CA29C65EF7006FB411 /* PaperlessExtractorApp.swift */,
				D221D04229C77742008E52B1 /* URL+Extensions.swift */,
			);
			path = Sources;
			sourceTree = "<group>";
		};
/* End PBXGroup section */

/* Begin PBXNativeTarget section */
		D200773629C60DF10092573F /* PaperlessExtractor */ = {
			isa = PBXNativeTarget;
			buildConfigurationList = D200774629C60DF20092573F /* Build configuration list for PBXNativeTarget "PaperlessExtractor" */;
			buildPhases = (
				D200773329C60DF10092573F /* Sources */,
				D200773429C60DF10092573F /* Frameworks */,
				D200773529C60DF10092573F /* Resources */,
			);
			buildRules = (
			);
			dependencies = (
			);
			name = PaperlessExtractor;
			productName = PaperlessExtractor;
			productReference = D200773729C60DF10092573F /* PaperlessExtractor.app */;
			productType = "com.apple.product-type.application";
		};
/* End PBXNativeTarget section */

/* Begin PBXProject section */
		D200772F29C60DF10092573F /* Project object */ = {
			isa = PBXProject;
			attributes = {
				BuildIndependentTargetsInParallel = 1;
				LastSwiftUpdateCheck = 1420;
				LastUpgradeCheck = 1420;
				TargetAttributes = {
					D200773629C60DF10092573F = {
						CreatedOnToolsVersion = 14.2;
					};
				};
			};
			buildConfigurationList = D200773229C60DF10092573F /* Build configuration list for PBXProject "PaperlessExtractor" */;
			compatibilityVersion = "Xcode 14.0";
			developmentRegion = en;
			hasScannedForEncodings = 0;
			knownRegions = (
				en,
				Base,
			);
			mainGroup = D200772E29C60DF10092573F;
			productRefGroup = D200773829C60DF10092573F /* Products */;
			projectDirPath = "";
			projectRoot = "";
			targets = (
				D200773629C60DF10092573F /* PaperlessExtractor */,
			);
		};
/* End PBXProject section */

/* Begin PBXResourcesBuildPhase section */
		D200773529C60DF10092573F /* Resources */ = {
			isa = PBXResourcesBuildPhase;
			buildActionMask = 2147483647;
			files = (
				D24223CE29C65EF7006FB411 /* Localizable.strings in Resources */,
				D200774229C60DF20092573F /* Preview Assets.xcassets in Resources */,
				D24223CD29C65EF7006FB411 /* Assets.xcassets in Resources */,
			);
			runOnlyForDeploymentPostprocessing = 0;
		};
/* End PBXResourcesBuildPhase section */

/* Begin PBXSourcesBuildPhase section */
		D200773329C60DF10092573F /* Sources */ = {
			isa = PBXSourcesBuildPhase;
			buildActionMask = 2147483647;
			files = (
				D24223D129C65EF8006FB411 /* ContentView.swift in Sources */,
				D221D04329C77742008E52B1 /* URL+Extensions.swift in Sources */,
				D24223D029C65EF8006FB411 /* Extractor.swift in Sources */,
				D24223CF29C65EF7006FB411 /* PaperlessExtractorApp.swift in Sources */,
			);
			runOnlyForDeploymentPostprocessing = 0;
		};
/* End PBXSourcesBuildPhase section */

/* Begin XCBuildConfiguration section */
		D200774429C60DF20092573F /* Debug */ = {
			isa = XCBuildConfiguration;
			buildSettings = {
				ALWAYS_SEARCH_USER_PATHS = NO;
				CLANG_ANALYZER_NONNULL = YES;
				CLANG_ANALYZER_NUMBER_OBJECT_CONVERSION = YES_AGGRESSIVE;
				CLANG_CXX_LANGUAGE_STANDARD = "gnu++20";
				CLANG_ENABLE_MODULES = YES;
				CLANG_ENABLE_OBJC_ARC = YES;
				CLANG_ENABLE_OBJC_WEAK = YES;
				CLANG_WARN_BLOCK_CAPTURE_AUTORELEASING = YES;
				CLANG_WARN_BOOL_CONVERSION = YES;
				CLANG_WARN_COMMA = YES;
				CLANG_WARN_CONSTANT_CONVERSION = YES;
				CLANG_WARN_DEPRECATED_OBJC_IMPLEMENTATIONS = YES;
				CLANG_WARN_DIRECT_OBJC_ISA_USAGE = YES_ERROR;
				CLANG_WARN_DOCUMENTATION_COMMENTS = YES;
				CLANG_WARN_EMPTY_BODY = YES;
				CLANG_WARN_ENUM_CONVERSION = YES;
				CLANG_WARN_INFINITE_RECURSION = YES;
				CLANG_WARN_INT_CONVERSION = YES;
				CLANG_WARN_NON_LITERAL_NULL_CONVERSION = YES;
				CLANG_WARN_OBJC_IMPLICIT_RETAIN_SELF = YES;
				CLANG_WARN_OBJC_LITERAL_CONVERSION = YES;
				CLANG_WARN_OBJC_ROOT_CLASS = YES_ERROR;
				CLANG_WARN_QUOTED_INCLUDE_IN_FRAMEWORK_HEADER = YES;
				CLANG_WARN_RANGE_LOOP_ANALYSIS = YES;
				CLANG_WARN_STRICT_PROTOTYPES = YES;
				CLANG_WARN_SUSPICIOUS_MOVE = YES;
				CLANG_WARN_UNGUARDED_AVAILABILITY = YES_AGGRESSIVE;
				CLANG_WARN_UNREACHABLE_CODE = YES;
				CLANG_WARN__DUPLICATE_METHOD_MATCH = YES;
				COPY_PHASE_STRIP = NO;
				DEBUG_INFORMATION_FORMAT = dwarf;
				ENABLE_STRICT_OBJC_MSGSEND = YES;
				ENABLE_TESTABILITY = YES;
				GCC_C_LANGUAGE_STANDARD = gnu11;
				GCC_DYNAMIC_NO_PIC = NO;
				GCC_NO_COMMON_BLOCKS = YES;
				GCC_OPTIMIZATION_LEVEL = 0;
				GCC_PREPROCESSOR_DEFINITIONS = (
					"DEBUG=1",
					"$(inherited)",
				);
				GCC_WARN_64_TO_32_BIT_CONVERSION = YES;
				GCC_WARN_ABOUT_RETURN_TYPE = YES_ERROR;
				GCC_WARN_UNDECLARED_SELECTOR = YES;
				GCC_WARN_UNINITIALIZED_AUTOS = YES_AGGRESSIVE;
				GCC_WARN_UNUSED_FUNCTION = YES;
				GCC_WARN_UNUSED_VARIABLE = YES;
				MACOSX_DEPLOYMENT_TARGET = 13.1;
				MTL_ENABLE_DEBUG_INFO = INCLUDE_SOURCE;
				MTL_FAST_MATH = YES;
				ONLY_ACTIVE_ARCH = YES;
				SDKROOT = macosx;
				SWIFT_ACTIVE_COMPILATION_CONDITIONS = DEBUG;
				SWIFT_OPTIMIZATION_LEVEL = "-Onone";
			};
			name = Debug;
		};
		D200774529C60DF20092573F /* Release */ = {
			isa = XCBuildConfiguration;
			buildSettings = {
				ALWAYS_SEARCH_USER_PATHS = NO;
				CLANG_ANALYZER_NONNULL = YES;
				CLANG_ANALYZER_NUMBER_OBJECT_CONVERSION = YES_AGGRESSIVE;
				CLANG_CXX_LANGUAGE_STANDARD = "gnu++20";
				CLANG_ENABLE_MODULES = YES;
				CLANG_ENABLE_OBJC_ARC = YES;
				CLANG_ENABLE_OBJC_WEAK = YES;
				CLANG_WARN_BLOCK_CAPTURE_AUTORELEASING = YES;
				CLANG_WARN_BOOL_CONVERSION = YES;
				CLANG_WARN_COMMA = YES;
				CLANG_WARN_CONSTANT_CONVERSION = YES;
				CLANG_WARN_DEPRECATED_OBJC_IMPLEMENTATIONS = YES;
				CLANG_WARN_DIRECT_OBJC_ISA_USAGE = YES_ERROR;
				CLANG_WARN_DOCUMENTATION_COMMENTS = YES;
				CLANG_WARN_EMPTY_BODY = YES;
				CLANG_WARN_ENUM_CONVERSION = YES;
				CLANG_WARN_INFINITE_RECURSION = YES;
				CLANG_WARN_INT_CONVERSION = YES;
				CLANG_WARN_NON_LITERAL_NULL_CONVERSION = YES;
				CLANG_WARN_OBJC_IMPLICIT_RETAIN_SELF = YES;
				CLANG_WARN_OBJC_LITERAL_CONVERSION = YES;
				CLANG_WARN_OBJC_ROOT_CLASS = YES_ERROR;
				CLANG_WARN_QUOTED_INCLUDE_IN_FRAMEWORK_HEADER = YES;
				CLANG_WARN_RANGE_LOOP_ANALYSIS = YES;
				CLANG_WARN_STRICT_PROTOTYPES = YES;
				CLANG_WARN_SUSPICIOUS_MOVE = YES;
				CLANG_WARN_UNGUARDED_AVAILABILITY = YES_AGGRESSIVE;
				CLANG_WARN_UNREACHABLE_CODE = YES;
				CLANG_WARN__DUPLICATE_METHOD_MATCH = YES;
				COPY_PHASE_STRIP = NO;
				DEBUG_INFORMATION_FORMAT = "dwarf-with-dsym";
				ENABLE_NS_ASSERTIONS = NO;
				ENABLE_STRICT_OBJC_MSGSEND = YES;
				GCC_C_LANGUAGE_STANDARD = gnu11;
				GCC_NO_COMMON_BLOCKS = YES;
				GCC_WARN_64_TO_32_BIT_CONVERSION = YES;
				GCC_WARN_ABOUT_RETURN_TYPE = YES_ERROR;
				GCC_WARN_UNDECLARED_SELECTOR = YES;
				GCC_WARN_UNINITIALIZED_AUTOS = YES_AGGRESSIVE;
				GCC_WARN_UNUSED_FUNCTION = YES;
				GCC_WARN_UNUSED_VARIABLE = YES;
				MACOSX_DEPLOYMENT_TARGET = 13.1;
				MTL_ENABLE_DEBUG_INFO = NO;
				MTL_FAST_MATH = YES;
				SDKROOT = macosx;
				SWIFT_COMPILATION_MODE = wholemodule;
				SWIFT_OPTIMIZATION_LEVEL = "-O";
			};
			name = Release;
		};
		D200774729C60DF20092573F /* Debug */ = {
			isa = XCBuildConfiguration;
			buildSettings = {
				ASSETCATALOG_COMPILER_APPICON_NAME = AppIcon;
				ASSETCATALOG_COMPILER_GLOBAL_ACCENT_COLOR_NAME = AccentColor;
				CODE_SIGN_ENTITLEMENTS = PaperlessExtractor/PaperlessExtractor.entitlements;
				CODE_SIGN_STYLE = Automatic;
				COMBINE_HIDPI_IMAGES = YES;
				CURRENT_PROJECT_VERSION = 1;
				DEVELOPMENT_ASSET_PATHS = "\"PaperlessExtractor/Preview Content\"";
				DEVELOPMENT_TEAM = 87ZMTDNHLV;
				ENABLE_HARDENED_RUNTIME = YES;
				ENABLE_PREVIEWS = YES;
				GENERATE_INFOPLIST_FILE = YES;
				INFOPLIST_KEY_NSHumanReadableCopyright = "";
				LD_RUNPATH_SEARCH_PATHS = (
					"$(inherited)",
					"@executable_path/../Frameworks",
				);
				MARKETING_VERSION = 1.0;
				PRODUCT_BUNDLE_IDENTIFIER = com.grubysolutions.PaperlessExtractor;
				PRODUCT_NAME = "$(TARGET_NAME)";
				SWIFT_EMIT_LOC_STRINGS = YES;
				SWIFT_VERSION = 5.0;
			};
			name = Debug;
		};
		D200774829C60DF20092573F /* Release */ = {
			isa = XCBuildConfiguration;
			buildSettings = {
				ASSETCATALOG_COMPILER_APPICON_NAME = AppIcon;
				ASSETCATALOG_COMPILER_GLOBAL_ACCENT_COLOR_NAME = AccentColor;
				CODE_SIGN_ENTITLEMENTS = PaperlessExtractor/PaperlessExtractor.entitlements;
				CODE_SIGN_STYLE = Automatic;
				COMBINE_HIDPI_IMAGES = YES;
				CURRENT_PROJECT_VERSION = 1;
				DEVELOPMENT_ASSET_PATHS = "\"PaperlessExtractor/Preview Content\"";
				DEVELOPMENT_TEAM = 87ZMTDNHLV;
				ENABLE_HARDENED_RUNTIME = YES;
				ENABLE_PREVIEWS = YES;
				GENERATE_INFOPLIST_FILE = YES;
				INFOPLIST_KEY_NSHumanReadableCopyright = "";
				LD_RUNPATH_SEARCH_PATHS = (
					"$(inherited)",
					"@executable_path/../Frameworks",
				);
				MARKETING_VERSION = 1.0;
				PRODUCT_BUNDLE_IDENTIFIER = com.grubysolutions.PaperlessExtractor;
				PRODUCT_NAME = "$(TARGET_NAME)";
				SWIFT_EMIT_LOC_STRINGS = YES;
				SWIFT_VERSION = 5.0;
			};
			name = Release;
		};
/* End XCBuildConfiguration section */

/* Begin XCConfigurationList section */
		D200773229C60DF10092573F /* Build configuration list for PBXProject "PaperlessExtractor" */ = {
			isa = XCConfigurationList;
			buildConfigurations = (
				D200774429C60DF20092573F /* Debug */,
				D200774529C60DF20092573F /* Release */,
			);
			defaultConfigurationIsVisible = 0;
			defaultConfigurationName = Release;
		};
		D200774629C60DF20092573F /* Build configuration list for PBXNativeTarget "PaperlessExtractor" */ = {
			isa = XCConfigurationList;
			buildConfigurations = (
				D200774729C60DF20092573F /* Debug */,
				D200774829C60DF20092573F /* Release */,
			);
			defaultConfigurationIsVisible = 0;
			defaultConfigurationName = Release;
		};
/* End XCConfigurationList section */
	};
	rootObject = D200772F29C60DF10092573F /* Project object */;
}
